
Microsoft Visual Studio Solution File, Format Version 12.00
# Visual Studio Version 17
VisualStudioVersion = 17.14.36221.1
MinimumVisualStudioVersion = 10.0.40219.1
Project("{8BC9CEB8-8B4A-11D0-8D11-00A0C91BC942}") = "Program", "Program.vcxproj", "{8E541416-8706-45E0-8745-3AE850EAFF2B}"
EndProject
Project("{8BC9CEB8-8B4A-11D0-8D11-00A0C91BC942}") = "Class1st (Single Linked List)", "..\Class1st (Single Linked List)\Class1st (Single Linked List).vcxproj", "{B87C8363-D98A-4E3F-808F-225CF8F8CFA1}"
EndProject
Project("{8BC9CEB8-8B4A-11D0-8D11-00A0C91BC942}") = "Class2nd (Double Linked List)", "..\Class2nd (Double Linked List)\Class2nd (Double Linked List).vcxproj", "{51759265-504F-4FF1-9B3B-2E65B87EBFEE}"
EndProject
Project("{8BC9CEB8-8B4A-11D0-8D11-00A0C91BC942}") = "Class3rd (Circle Linked List)", "..\Class3rd (Circle Linked List)\Class3rd (Circle Linked List).vcxproj", "{66A60E37-6905-4A04-890A-974F87C0BBBC}"
EndProject
Global
	GlobalSection(SolutionConfigurationPlatforms) = preSolution
		Debug|x64 = Debug|x64
		Debug|x86 = Debug|x86
		Release|x64 = Release|x64
		Release|x86 = Release|x86
	EndGlobalSection
	GlobalSection(ProjectConfigurationPlatforms) = postSolution
		{8E541416-8706-45E0-8745-3AE850EAFF2B}.Debug|x64.ActiveCfg = Debug|x64
		{8E541416-8706-45E0-8745-3AE850EAFF2B}.Debug|x64.Build.0 = Debug|x64
		{8E541416-8706-45E0-8745-3AE850EAFF2B}.Debug|x86.ActiveCfg = Debug|Win32
		{8E541416-8706-45E0-8745-3AE850EAFF2B}.Debug|x86.Build.0 = Debug|Win32
		{8E541416-8706-45E0-8745-3AE850EAFF2B}.Release|x64.ActiveCfg = Release|x64
		{8E541416-8706-45E0-8745-3AE850EAFF2B}.Release|x64.Build.0 = Release|x64
		{8E541416-8706-45E0-8745-3AE850EAFF2B}.Release|x86.ActiveCfg = Release|Win32
		{8E541416-8706-45E0-8745-3AE850EAFF2B}.Release|x86.Build.0 = Release|Win32
		{B87C8363-D98A-4E3F-808F-225CF8F8CFA1}.Debug|x64.ActiveCfg = Debug|x64
		{B87C8363-D98A-4E3F-808F-225CF8F8CFA1}.Debug|x64.Build.0 = Debug|x64
		{B87C8363-D98A-4E3F-808F-225CF8F8CFA1}.Debug|x86.ActiveCfg = Debug|Win32
		{B87C8363-D98A-4E3F-808F-225CF8F8CFA1}.Debug|x86.Build.0 = Debug|Win32
		{B87C8363-D98A-4E3F-808F-225CF8F8CFA1}.Release|x64.ActiveCfg = Release|x64
		{B87C8363-D98A-4E3F-808F-225CF8F8CFA1}.Release|x64.Build.0 = Release|x64
		{B87C8363-D98A-4E3F-808F-225CF8F8CFA1}.Release|x86.ActiveCfg = Release|Win32
		{B87C8363-D98A-4E3F-808F-225CF8F8CFA1}.Release|x86.Build.0 = Release|Win32
		{51759265-504F-4FF1-9B3B-2E65B87EBFEE}.Debug|x64.ActiveCfg = Debug|x64
		{51759265-504F-4FF1-9B3B-2E65B87EBFEE}.Debug|x64.Build.0 = Debug|x64
		{51759265-504F-4FF1-9B3B-2E65B87EBFEE}.Debug|x86.ActiveCfg = Debug|Win32
		{51759265-504F-4FF1-9B3B-2E65B87EBFEE}.Debug|x86.Build.0 = Debug|Win32
		{51759265-504F-4FF1-9B3B-2E65B87EBFEE}.Release|x64.ActiveCfg = Release|x64
		{51759265-504F-4FF1-9B3B-2E65B87EBFEE}.Release|x64.Build.0 = Release|x64
		{51759265-504F-4FF1-9B3B-2E65B87EBFEE}.Release|x86.ActiveCfg = Release|Win32
		{51759265-504F-4FF1-9B3B-2E65B87EBFEE}.Release|x86.Build.0 = Release|Win32
		{66A60E37-6905-4A04-890A-974F87C0BBBC}.Debug|x64.ActiveCfg = Debug|x64
		{66A60E37-6905-4A04-890A-974F87C0BBBC}.Debug|x64.Build.0 = Debug|x64
		{66A60E37-6905-4A04-890A-974F87C0BBBC}.Debug|x86.ActiveCfg = Debug|Win32
		{66A60E37-6905-4A04-890A-974F87C0BBBC}.Debug|x86.Build.0 = Debug|Win32
		{66A60E37-6905-4A04-890A-974F87C0BBBC}.Release|x64.ActiveCfg = Release|x64
		{66A60E37-6905-4A04-890A-974F87C0BBBC}.Release|x64.Build.0 = Release|x64
		{66A60E37-6905-4A04-890A-974F87C0BBBC}.Release|x86.ActiveCfg = Release|Win32
		{66A60E37-6905-4A04-890A-974F87C0BBBC}.Release|x86.Build.0 = Release|Win32
	EndGlobalSection
	GlobalSection(SolutionProperties) = preSolution
		HideSolutionNode = FALSE
	EndGlobalSection
	GlobalSection(ExtensibilityGlobals) = postSolution
		SolutionGuid = {225D6AE5-2049-4B4E-B5A4-9D9A822202B4}
	EndGlobalSection
EndGlobal
